
Microsoft Visual Studio Solution File, Format Version 12.00
# Visual Studio Version 16
VisualStudioVersion = 16.0.32413.511
MinimumVisualStudioVersion = 10.0.40219.1
Project("{9A19103F-16F7-4668-BE54-9A1E7A4F7556}") = "HomeTrack_API", "HomeTrack_API\HomeTrack_API.csproj", "{C9FC46D1-25B4-48F8-8F1C-D058B5810F36}"
EndProject
Project("{FAE04EC0-301F-11D3-BF4B-00C04F79EFBC}") = "PurgoMalum_API", "PurgoMalum_API\PurgoMalum_API.csproj", "{E34744C8-0EBD-4E25-A035-B74A043143EF}"
EndProject
Global
	GlobalSection(SolutionConfigurationPlatforms) = preSolution
		Debug|Any CPU = Debug|Any CPU
		Release|Any CPU = Release|Any CPU
	EndGlobalSection
	GlobalSection(ProjectConfigurationPlatforms) = postSolution
		{C9FC46D1-25B4-48F8-8F1C-D058B5810F36}.Debug|Any CPU.ActiveCfg = Debug|Any CPU
		{C9FC46D1-25B4-48F8-8F1C-D058B5810F36}.Debug|Any CPU.Build.0 = Debug|Any CPU
		{C9FC46D1-25B4-48F8-8F1C-D058B5810F36}.Release|Any CPU.ActiveCfg = Release|Any CPU
		{C9FC46D1-25B4-48F8-8F1C-D058B5810F36}.Release|Any CPU.Build.0 = Release|Any CPU
		{E34744C8-0EBD-4E25-A035-B74A043143EF}.Debug|Any CPU.ActiveCfg = Debug|Any CPU
		{E34744C8-0EBD-4E25-A035-B74A043143EF}.Debug|Any CPU.Build.0 = Debug|Any CPU
		{E34744C8-0EBD-4E25-A035-B74A043143EF}.Release|Any CPU.ActiveCfg = Release|Any CPU
		{E34744C8-0EBD-4E25-A035-B74A043143EF}.Release|Any CPU.Build.0 = Release|Any CPU
	EndGlobalSection
	GlobalSection(SolutionProperties) = preSolution
		HideSolutionNode = FALSE
	EndGlobalSection
	GlobalSection(ExtensibilityGlobals) = postSolution
		SolutionGuid = {1B8AE008-6212-4AF8-9C61-C78BC3F6629D}
	EndGlobalSection
EndGlobal
